// !$*UTF8*$!
{
	archiveVersion = 1;
	classes = {
	};
	objectVersion = 50;
	objects = {

/* Begin PBXBuildFile section */
		7EABE40F21EDC937007D3BD8 /* AppDelegate.swift in Sources */ = {isa = PBXBuildFile; fileRef = 7EABE40E21EDC937007D3BD8 /* AppDelegate.swift */; };
		7EABE41121EDC937007D3BD8 /* ViewController.swift in Sources */ = {isa = PBXBuildFile; fileRef = 7EABE41021EDC937007D3BD8 /* ViewController.swift */; };
		7EABE41421EDC937007D3BD8 /* Main.storyboard in Resources */ = {isa = PBXBuildFile; fileRef = 7EABE41221EDC937007D3BD8 /* Main.storyboard */; };
		7EABE41621EDC93E007D3BD8 /* Assets.xcassets in Resources */ = {isa = PBXBuildFile; fileRef = 7EABE41521EDC93E007D3BD8 /* Assets.xcassets */; };
		7EABE41921EDC93E007D3BD8 /* LaunchScreen.storyboard in Resources */ = {isa = PBXBuildFile; fileRef = 7EABE41721EDC93E007D3BD8 /* LaunchScreen.storyboard */; };
		7EABE42D21EDD6F5007D3BD8 /* CellHelper.swift in Sources */ = {isa = PBXBuildFile; fileRef = 7EABE42C21EDD6F5007D3BD8 /* CellHelper.swift */; };
		F4C57527CCA6C399D63BB5A9 /* Pods_WeatherApp2.framework in Frameworks */ = {isa = PBXBuildFile; fileRef = F39EB5B8BC388AD688A31DFE /* Pods_WeatherApp2.framework */; };
/* End PBXBuildFile section */

/* Begin PBXFileReference section */
		11585BB903D459A3674F5F57 /* Pods-WeatherApp2.debug.xcconfig */ = {isa = PBXFileReference; includeInIndex = 1; lastKnownFileType = text.xcconfig; name = "Pods-WeatherApp2.debug.xcconfig"; path = "Target Support Files/Pods-WeatherApp2/Pods-WeatherApp2.debug.xcconfig"; sourceTree = "<group>"; };
		7A7E601098A08D754EF1C302 /* Pods-WeatherApp2.release.xcconfig */ = {isa = PBXFileReference; includeInIndex = 1; lastKnownFileType = text.xcconfig; name = "Pods-WeatherApp2.release.xcconfig"; path = "Target Support Files/Pods-WeatherApp2/Pods-WeatherApp2.release.xcconfig"; sourceTree = "<group>"; };
		7EABE40B21EDC937007D3BD8 /* WeatherApp2.app */ = {isa = PBXFileReference; explicitFileType = wrapper.application; includeInIndex = 0; path = WeatherApp2.app; sourceTree = BUILT_PRODUCTS_DIR; };
		7EABE40E21EDC937007D3BD8 /* AppDelegate.swift */ = {isa = PBXFileReference; lastKnownFileType = sourcecode.swift; path = AppDelegate.swift; sourceTree = "<group>"; };
		7EABE41021EDC937007D3BD8 /* ViewController.swift */ = {isa = PBXFileReference; lastKnownFileType = sourcecode.swift; path = ViewController.swift; sourceTree = "<group>"; };
		7EABE41321EDC937007D3BD8 /* Base */ = {isa = PBXFileReference; lastKnownFileType = file.storyboard; name = Base; path = Base.lproj/Main.storyboard; sourceTree = "<group>"; };
		7EABE41521EDC93E007D3BD8 /* Assets.xcassets */ = {isa = PBXFileReference; lastKnownFileType = folder.assetcatalog; path = Assets.xcassets; sourceTree = "<group>"; };
		7EABE41821EDC93E007D3BD8 /* Base */ = {isa = PBXFileReference; lastKnownFileType = file.storyboard; name = Base; path = Base.lproj/LaunchScreen.storyboard; sourceTree = "<group>"; };
		7EABE41A21EDC93E007D3BD8 /* Info.plist */ = {isa = PBXFileReference; lastKnownFileType = text.plist.xml; path = Info.plist; sourceTree = "<group>"; };
		7EABE42C21EDD6F5007D3BD8 /* CellHelper.swift */ = {isa = PBXFileReference; lastKnownFileType = sourcecode.swift; path = CellHelper.swift; sourceTree = "<group>"; };
		F39EB5B8BC388AD688A31DFE /* Pods_WeatherApp2.framework */ = {isa = PBXFileReference; explicitFileType = wrapper.framework; includeInIndex = 0; path = Pods_WeatherApp2.framework; sourceTree = BUILT_PRODUCTS_DIR; };
/* End PBXFileReference section */

/* Begin PBXFrameworksBuildPhase section */
		7EABE40821EDC937007D3BD8 /* Frameworks */ = {
			isa = PBXFrameworksBuildPhase;
			buildActionMask = 2147483647;
			files = (
				F4C57527CCA6C399D63BB5A9 /* Pods_WeatherApp2.framework in Frameworks */,
			);
			runOnlyForDeploymentPostprocessing = 0;
		};
/* End PBXFrameworksBuildPhase section */

/* Begin PBXGroup section */
		7EABE40221EDC937007D3BD8 = {
			isa = PBXGroup;
			children = (
				7EABE40D21EDC937007D3BD8 /* WeatherApp2 */,
				7EABE40C21EDC937007D3BD8 /* Products */,
				813579AC25477F122348D2B1 /* Pods */,
				C8328DD16846768160844055 /* Frameworks */,
			);
			sourceTree = "<group>";
		};
		7EABE40C21EDC937007D3BD8 /* Products */ = {
			isa = PBXGroup;
			children = (
				7EABE40B21EDC937007D3BD8 /* WeatherApp2.app */,
			);
			name = Products;
			sourceTree = "<group>";
		};
		7EABE40D21EDC937007D3BD8 /* WeatherApp2 */ = {
			isa = PBXGroup;
			children = (
				7EABE42221EDCAB9007D3BD8 /* Controller */,
				7EABE42121EDCAB3007D3BD8 /* View */,
				7EABE42021EDCAA6007D3BD8 /* Model */,
				7EABE40E21EDC937007D3BD8 /* AppDelegate.swift */,
				7EABE41A21EDC93E007D3BD8 /* Info.plist */,
				7EABE41521EDC93E007D3BD8 /* Assets.xcassets */,
			);
			path = WeatherApp2;
			sourceTree = "<group>";
		};
		7EABE42021EDCAA6007D3BD8 /* Model */ = {
			isa = PBXGroup;
			children = (
				7EABE42C21EDD6F5007D3BD8 /* CellHelper.swift */,
			);
			path = Model;
			sourceTree = "<group>";
		};
		7EABE42121EDCAB3007D3BD8 /* View */ = {
			isa = PBXGroup;
			children = (
				7EABE42321EDCF12007D3BD8 /* HeaderView */,
				7EABE41221EDC937007D3BD8 /* Main.storyboard */,
				7EABE41721EDC93E007D3BD8 /* LaunchScreen.storyboard */,
			);
			path = View;
			sourceTree = "<group>";
		};
		7EABE42221EDCAB9007D3BD8 /* Controller */ = {
			isa = PBXGroup;
			children = (
				7EABE41021EDC937007D3BD8 /* ViewController.swift */,
			);
			path = Controller;
			sourceTree = "<group>";
		};
		7EABE42321EDCF12007D3BD8 /* HeaderView */ = {
			isa = PBXGroup;
			children = (
			);
			path = HeaderView;
			sourceTree = "<group>";
		};
		813579AC25477F122348D2B1 /* Pods */ = {
			isa = PBXGroup;
			children = (
				11585BB903D459A3674F5F57 /* Pods-WeatherApp2.debug.xcconfig */,
				7A7E601098A08D754EF1C302 /* Pods-WeatherApp2.release.xcconfig */,
			);
			path = Pods;
			sourceTree = "<group>";
		};
		C8328DD16846768160844055 /* Frameworks */ = {
			isa = PBXGroup;
			children = (
				F39EB5B8BC388AD688A31DFE /* Pods_WeatherApp2.framework */,
			);
			name = Frameworks;
			sourceTree = "<group>";
		};
/* End PBXGroup section */

/* Begin PBXNativeTarget section */
		7EABE40A21EDC937007D3BD8 /* WeatherApp2 */ = {
			isa = PBXNativeTarget;
			buildConfigurationList = 7EABE41D21EDC93E007D3BD8 /* Build configuration list for PBXNativeTarget "WeatherApp2" */;
			buildPhases = (
				EE5287ED0653898466379CE8 /* [CP] Check Pods Manifest.lock */,
				7EABE40721EDC937007D3BD8 /* Sources */,
				7EABE40821EDC937007D3BD8 /* Frameworks */,
				7EABE40921EDC937007D3BD8 /* Resources */,
				406E9C7E17AA91F5F12B8EF5 /* [CP] Embed Pods Frameworks */,
			);
			buildRules = (
			);
			dependencies = (
			);
			name = WeatherApp2;
			productName = WeatherApp2;
			productReference = 7EABE40B21EDC937007D3BD8 /* WeatherApp2.app */;
			productType = "com.apple.product-type.application";
		};
/* End PBXNativeTarget section */

/* Begin PBXProject section */
		7EABE40321EDC937007D3BD8 /* Project object */ = {
			isa = PBXProject;
			attributes = {
				LastSwiftUpdateCheck = 1010;
				LastUpgradeCheck = 1010;
				ORGANIZATIONNAME = "Josip Zidar";
				TargetAttributes = {
					7EABE40A21EDC937007D3BD8 = {
						CreatedOnToolsVersion = 10.1;
					};
				};
			};
			buildConfigurationList = 7EABE40621EDC937007D3BD8 /* Build configuration list for PBXProject "WeatherApp2" */;
			compatibilityVersion = "Xcode 9.3";
			developmentRegion = en;
			hasScannedForEncodings = 0;
			knownRegions = (
				en,
				Base,
			);
			mainGroup = 7EABE40221EDC937007D3BD8;
			productRefGroup = 7EABE40C21EDC937007D3BD8 /* Products */;
			projectDirPath = "";
			projectRoot = "";
			targets = (
				7EABE40A21EDC937007D3BD8 /* WeatherApp2 */,
			);
		};
/* End PBXProject section */

/* Begin PBXResourcesBuildPhase section */
		7EABE40921EDC937007D3BD8 /* Resources */ = {
			isa = PBXResourcesBuildPhase;
			buildActionMask = 2147483647;
			files = (
				7EABE41921EDC93E007D3BD8 /* LaunchScreen.storyboard in Resources */,
				7EABE41621EDC93E007D3BD8 /* Assets.xcassets in Resources */,
				7EABE41421EDC937007D3BD8 /* Main.storyboard in Resources */,
			);
			runOnlyForDeploymentPostprocessing = 0;
		};
/* End PBXResourcesBuildPhase section */

/* Begin PBXShellScriptBuildPhase section */
		406E9C7E17AA91F5F12B8EF5 /* [CP] Embed Pods Frameworks */ = {
			isa = PBXShellScriptBuildPhase;
			buildActionMask = 2147483647;
			files = (
			);
			inputFileListPaths = (
			);
			inputPaths = (
				"${PODS_ROOT}/Target Support Files/Pods-WeatherApp2/Pods-WeatherApp2-frameworks.sh",
				"${BUILT_PRODUCTS_DIR}/Alamofire/Alamofire.framework",
			);
			name = "[CP] Embed Pods Frameworks";
			outputFileListPaths = (
			);
			outputPaths = (
				"${TARGET_BUILD_DIR}/${FRAMEWORKS_FOLDER_PATH}/Alamofire.framework",
			);
			runOnlyForDeploymentPostprocessing = 0;
			shellPath = /bin/sh;
			shellScript = "\"${PODS_ROOT}/Target Support Files/Pods-WeatherApp2/Pods-WeatherApp2-frameworks.sh\"\n";
			showEnvVarsInLog = 0;
		};
		EE5287ED0653898466379CE8 /* [CP] Check Pods Manifest.lock */ = {
			isa = PBXShellScriptBuildPhase;
			buildActionMask = 2147483647;
			files = (
			);
			inputFileListPaths = (
			);
			inputPaths = (
				"${PODS_PODFILE_DIR_PATH}/Podfile.lock",
				"${PODS_ROOT}/Manifest.lock",
			);
			name = "[CP] Check Pods Manifest.lock";
			outputFileListPaths = (
			);
			outputPaths = (
				"$(DERIVED_FILE_DIR)/Pods-WeatherApp2-checkManifestLockResult.txt",
			);
			runOnlyForDeploymentPostprocessing = 0;
			shellPath = /bin/sh;
			shellScript = "diff \"${PODS_PODFILE_DIR_PATH}/Podfile.lock\" \"${PODS_ROOT}/Manifest.lock\" > /dev/null\nif [ $? != 0 ] ; then\n    # print error to STDERR\n    echo \"error: The sandbox is not in sync with the Podfile.lock. Run 'pod install' or update your CocoaPods installation.\" >&2\n    exit 1\nfi\n# This output is used by Xcode 'outputs' to avoid re-running this script phase.\necho \"SUCCESS\" > \"${SCRIPT_OUTPUT_FILE_0}\"\n";
			showEnvVarsInLog = 0;
		};
/* End PBXShellScriptBuildPhase section */

/* Begin PBXSourcesBuildPhase section */
		7EABE40721EDC937007D3BD8 /* Sources */ = {
			isa = PBXSourcesBuildPhase;
			buildActionMask = 2147483647;
			files = (
				7EABE41121EDC937007D3BD8 /* ViewController.swift in Sources */,
				7EABE40F21EDC937007D3BD8 /* AppDelegate.swift in Sources */,
				7EABE42D21EDD6F5007D3BD8 /* CellHelper.swift in Sources */,
			);
			runOnlyForDeploymentPostprocessing = 0;
		};
/* End PBXSourcesBuildPhase section */

/* Begin PBXVariantGroup section */
		7EABE41221EDC937007D3BD8 /* Main.storyboard */ = {
			isa = PBXVariantGroup;
			children = (
				7EABE41321EDC937007D3BD8 /* Base */,
			);
			name = Main.storyboard;
			sourceTree = "<group>";
		};
		7EABE41721EDC93E007D3BD8 /* LaunchScreen.storyboard */ = {
			isa = PBXVariantGroup;
			children = (
				7EABE41821EDC93E007D3BD8 /* Base */,
			);
			name = LaunchScreen.storyboard;
			sourceTree = "<group>";
		};
/* End PBXVariantGroup section */

/* Begin XCBuildConfiguration section */
		7EABE41B21EDC93E007D3BD8 /* Debug */ = {
			isa = XCBuildConfiguration;
			buildSettings = {
				ALWAYS_SEARCH_USER_PATHS = NO;
				CLANG_ANALYZER_NONNULL = YES;
				CLANG_ANALYZER_NUMBER_OBJECT_CONVERSION = YES_AGGRESSIVE;
				CLANG_CXX_LANGUAGE_STANDARD = "gnu++14";
				CLANG_CXX_LIBRARY = "libc++";
				CLANG_ENABLE_MODULES = YES;
				CLANG_ENABLE_OBJC_ARC = YES;
				CLANG_ENABLE_OBJC_WEAK = YES;
				CLANG_WARN_BLOCK_CAPTURE_AUTORELEASING = YES;
				CLANG_WARN_BOOL_CONVERSION = YES;
				CLANG_WARN_COMMA = YES;
				CLANG_WARN_CONSTANT_CONVERSION = YES;
				CLANG_WARN_DEPRECATED_OBJC_IMPLEMENTATIONS = YES;
				CLANG_WARN_DIRECT_OBJC_ISA_USAGE = YES_ERROR;
				CLANG_WARN_DOCUMENTATION_COMMENTS = YES;
				CLANG_WARN_EMPTY_BODY = YES;
				CLANG_WARN_ENUM_CONVERSION = YES;
				CLANG_WARN_INFINITE_RECURSION = YES;
				CLANG_WARN_INT_CONVERSION = YES;
				CLANG_WARN_NON_LITERAL_NULL_CONVERSION = YES;
				CLANG_WARN_OBJC_IMPLICIT_RETAIN_SELF = YES;
				CLANG_WARN_OBJC_LITERAL_CONVERSION = YES;
				CLANG_WARN_OBJC_ROOT_CLASS = YES_ERROR;
				CLANG_WARN_RANGE_LOOP_ANALYSIS = YES;
				CLANG_WARN_STRICT_PROTOTYPES = YES;
				CLANG_WARN_SUSPICIOUS_MOVE = YES;
				CLANG_WARN_UNGUARDED_AVAILABILITY = YES_AGGRESSIVE;
				CLANG_WARN_UNREACHABLE_CODE = YES;
				CLANG_WARN__DUPLICATE_METHOD_MATCH = YES;
				CODE_SIGN_IDENTITY = "iPhone Developer";
				COPY_PHASE_STRIP = NO;
				DEBUG_INFORMATION_FORMAT = dwarf;
				ENABLE_STRICT_OBJC_MSGSEND = YES;
				ENABLE_TESTABILITY = YES;
				GCC_C_LANGUAGE_STANDARD = gnu11;
				GCC_DYNAMIC_NO_PIC = NO;
				GCC_NO_COMMON_BLOCKS = YES;
				GCC_OPTIMIZATION_LEVEL = 0;
				GCC_PREPROCESSOR_DEFINITIONS = (
					"DEBUG=1",
					"$(inherited)",
				);
				GCC_WARN_64_TO_32_BIT_CONVERSION = YES;
				GCC_WARN_ABOUT_RETURN_TYPE = YES_ERROR;
				GCC_WARN_UNDECLARED_SELECTOR = YES;
				GCC_WARN_UNINITIALIZED_AUTOS = YES_AGGRESSIVE;
				GCC_WARN_UNUSED_FUNCTION = YES;
				GCC_WARN_UNUSED_VARIABLE = YES;
				IPHONEOS_DEPLOYMENT_TARGET = 12.1;
				MTL_ENABLE_DEBUG_INFO = INCLUDE_SOURCE;
				MTL_FAST_MATH = YES;
				ONLY_ACTIVE_ARCH = YES;
				SDKROOT = iphoneos;
				SWIFT_ACTIVE_COMPILATION_CONDITIONS = DEBUG;
				SWIFT_OPTIMIZATION_LEVEL = "-Onone";
			};
			name = Debug;
		};
		7EABE41C21EDC93E007D3BD8 /* Release */ = {
			isa = XCBuildConfiguration;
			buildSettings = {
				ALWAYS_SEARCH_USER_PATHS = NO;
				CLANG_ANALYZER_NONNULL = YES;
				CLANG_ANALYZER_NUMBER_OBJECT_CONVERSION = YES_AGGRESSIVE;
				CLANG_CXX_LANGUAGE_STANDARD = "gnu++14";
				CLANG_CXX_LIBRARY = "libc++";
				CLANG_ENABLE_MODULES = YES;
				CLANG_ENABLE_OBJC_ARC = YES;
				CLANG_ENABLE_OBJC_WEAK = YES;
				CLANG_WARN_BLOCK_CAPTURE_AUTORELEASING = YES;
				CLANG_WARN_BOOL_CONVERSION = YES;
				CLANG_WARN_COMMA = YES;
				CLANG_WARN_CONSTANT_CONVERSION = YES;
				CLANG_WARN_DEPRECATED_OBJC_IMPLEMENTATIONS = YES;
				CLANG_WARN_DIRECT_OBJC_ISA_USAGE = YES_ERROR;
				CLANG_WARN_DOCUMENTATION_COMMENTS = YES;
				CLANG_WARN_EMPTY_BODY = YES;
				CLANG_WARN_ENUM_CONVERSION = YES;
				CLANG_WARN_INFINITE_RECURSION = YES;
				CLANG_WARN_INT_CONVERSION = YES;
				CLANG_WARN_NON_LITERAL_NULL_CONVERSION = YES;
				CLANG_WARN_OBJC_IMPLICIT_RETAIN_SELF = YES;
				CLANG_WARN_OBJC_LITERAL_CONVERSION = YES;
				CLANG_WARN_OBJC_ROOT_CLASS = YES_ERROR;
				CLANG_WARN_RANGE_LOOP_ANALYSIS = YES;
				CLANG_WARN_STRICT_PROTOTYPES = YES;
				CLANG_WARN_SUSPICIOUS_MOVE = YES;
				CLANG_WARN_UNGUARDED_AVAILABILITY = YES_AGGRESSIVE;
				CLANG_WARN_UNREACHABLE_CODE = YES;
				CLANG_WARN__DUPLICATE_METHOD_MATCH = YES;
				CODE_SIGN_IDENTITY = "iPhone Developer";
				COPY_PHASE_STRIP = NO;
				DEBUG_INFORMATION_FORMAT = "dwarf-with-dsym";
				ENABLE_NS_ASSERTIONS = NO;
				ENABLE_STRICT_OBJC_MSGSEND = YES;
				GCC_C_LANGUAGE_STANDARD = gnu11;
				GCC_NO_COMMON_BLOCKS = YES;
				GCC_WARN_64_TO_32_BIT_CONVERSION = YES;
				GCC_WARN_ABOUT_RETURN_TYPE = YES_ERROR;
				GCC_WARN_UNDECLARED_SELECTOR = YES;
				GCC_WARN_UNINITIALIZED_AUTOS = YES_AGGRESSIVE;
				GCC_WARN_UNUSED_FUNCTION = YES;
				GCC_WARN_UNUSED_VARIABLE = YES;
				IPHONEOS_DEPLOYMENT_TARGET = 12.1;
				MTL_ENABLE_DEBUG_INFO = NO;
				MTL_FAST_MATH = YES;
				SDKROOT = iphoneos;
				SWIFT_COMPILATION_MODE = wholemodule;
				SWIFT_OPTIMIZATION_LEVEL = "-O";
				VALIDATE_PRODUCT = YES;
			};
			name = Release;
		};
		7EABE41E21EDC93E007D3BD8 /* Debug */ = {
			isa = XCBuildConfiguration;
			baseConfigurationReference = 11585BB903D459A3674F5F57 /* Pods-WeatherApp2.debug.xcconfig */;
			buildSettings = {
				ASSETCATALOG_COMPILER_APPICON_NAME = AppIcon;
				CODE_SIGN_STYLE = Automatic;
				INFOPLIST_FILE = WeatherApp2/Info.plist;
				IPHONEOS_DEPLOYMENT_TARGET = 11.0;
				LD_RUNPATH_SEARCH_PATHS = (
					"$(inherited)",
					"@executable_path/Frameworks",
				);
				PRODUCT_BUNDLE_IDENTIFIER = weatherapp2.WeatherApp2;
				PRODUCT_NAME = "$(TARGET_NAME)";
				SWIFT_VERSION = 4.2;
				TARGETED_DEVICE_FAMILY = "1,2";
			};
			name = Debug;
		};
		7EABE41F21EDC93E007D3BD8 /* Release */ = {
			isa = XCBuildConfiguration;
			baseConfigurationReference = 7A7E601098A08D754EF1C302 /* Pods-WeatherApp2.release.xcconfig */;
			buildSettings = {
				ASSETCATALOG_COMPILER_APPICON_NAME = AppIcon;
				CODE_SIGN_STYLE = Automatic;
				INFOPLIST_FILE = WeatherApp2/Info.plist;
				IPHONEOS_DEPLOYMENT_TARGET = 11.0;
				LD_RUNPATH_SEARCH_PATHS = (
					"$(inherited)",
					"@executable_path/Frameworks",
				);
				PRODUCT_BUNDLE_IDENTIFIER = weatherapp2.WeatherApp2;
				PRODUCT_NAME = "$(TARGET_NAME)";
				SWIFT_VERSION = 4.2;
				TARGETED_DEVICE_FAMILY = "1,2";
			};
			name = Release;
		};
/* End XCBuildConfiguration section */

/* Begin XCConfigurationList section */
		7EABE40621EDC937007D3BD8 /* Build configuration list for PBXProject "WeatherApp2" */ = {
			isa = XCConfigurationList;
			buildConfigurations = (
				7EABE41B21EDC93E007D3BD8 /* Debug */,
				7EABE41C21EDC93E007D3BD8 /* Release */,
			);
			defaultConfigurationIsVisible = 0;
			defaultConfigurationName = Release;
		};
		7EABE41D21EDC93E007D3BD8 /* Build configuration list for PBXNativeTarget "WeatherApp2" */ = {
			isa = XCConfigurationList;
			buildConfigurations = (
				7EABE41E21EDC93E007D3BD8 /* Debug */,
				7EABE41F21EDC93E007D3BD8 /* Release */,
			);
			defaultConfigurationIsVisible = 0;
			defaultConfigurationName = Release;
		};
/* End XCConfigurationList section */
	};
	rootObject = 7EABE40321EDC937007D3BD8 /* Project object */;
}
