PODS:
  - Alamofire (5.0.0.beta.1)

DEPENDENCIES:
  - Alamofire (~> 5.0.0.beta.1)

SPEC REPOS:
  https://github.com/cocoapods/specs.git:
    - Alamofire

SPEC CHECKSUMS:
  Alamofire: 2ef6d6c984c5d21c366e9b41a9ae7dfee2b67a44

PODFILE CHECKSUM: e6f931aec620b83469b2c07801fb24ca72a56f50

COCOAPODS: 1.6.0.beta.1
